
Microsoft Visual Studio Solution File, Format Version 12.00
# Visual Studio Version 17
VisualStudioVersion = 17.2.32630.192
MinimumVisualStudioVersion = 10.0.40219.1
Project("{9A19103F-16F7-4668-BE54-9A1E7A4F7556}") = "ConsoleApp1", "ConsoleApp1\ConsoleApp1.csproj", "{008A98A6-C4ED-4B2C-853F-8C6E29CC44D0}"
EndProject
Project("{9A19103F-16F7-4668-BE54-9A1E7A4F7556}") = "2. DIP", "2. DIP\2. DIP.csproj", "{3E1BCA1A-D3AD-4E9E-9CEC-601560C0B9E6}"
EndProject
Project("{2150E333-8FDC-42A3-9474-1A3956D46DE8}") = "Solution Items", "Solution Items", "{AABC27D6-6335-452D-8CA3-8E8E3C7692E8}"
	ProjectSection(SolutionItems) = preProject
		README.md = README.md
	EndProjectSection
EndProject
Project("{9A19103F-16F7-4668-BE54-9A1E7A4F7556}") = "1.0 SRP-violation", "1.0 SRP-violation\1.0 SRP-violation.csproj", "{1B4DCB93-A244-41CC-ACFA-7E69D95FCF95}"
EndProject
Project("{9A19103F-16F7-4668-BE54-9A1E7A4F7556}") = "1.1 SRP", "1.1 SRP\1.1 SRP.csproj", "{A0AD3B01-C715-4AFB-9DE2-CBF3348A0229}"
EndProject
Project("{9A19103F-16F7-4668-BE54-9A1E7A4F7556}") = "3. OCP", "3. OCP\3. OCP.csproj", "{7109ED3F-F17C-482C-9F9B-166161349822}"
EndProject
Project("{FAE04EC0-301F-11D3-BF4B-00C04F79EFBC}") = "4.0 LSP-violation", "4.0 LSP-violation\4.0 LSP-violation.csproj", "{564C1BB4-ECAF-496A-ADDD-493D02729E04}"
EndProject
Global
	GlobalSection(SolutionConfigurationPlatforms) = preSolution
		Debug|Any CPU = Debug|Any CPU
		Release|Any CPU = Release|Any CPU
	EndGlobalSection
	GlobalSection(ProjectConfigurationPlatforms) = postSolution
		{008A98A6-C4ED-4B2C-853F-8C6E29CC44D0}.Debug|Any CPU.ActiveCfg = Debug|Any CPU
		{008A98A6-C4ED-4B2C-853F-8C6E29CC44D0}.Debug|Any CPU.Build.0 = Debug|Any CPU
		{008A98A6-C4ED-4B2C-853F-8C6E29CC44D0}.Release|Any CPU.ActiveCfg = Release|Any CPU
		{008A98A6-C4ED-4B2C-853F-8C6E29CC44D0}.Release|Any CPU.Build.0 = Release|Any CPU
		{3E1BCA1A-D3AD-4E9E-9CEC-601560C0B9E6}.Debug|Any CPU.ActiveCfg = Debug|Any CPU
		{3E1BCA1A-D3AD-4E9E-9CEC-601560C0B9E6}.Debug|Any CPU.Build.0 = Debug|Any CPU
		{3E1BCA1A-D3AD-4E9E-9CEC-601560C0B9E6}.Release|Any CPU.ActiveCfg = Release|Any CPU
		{3E1BCA1A-D3AD-4E9E-9CEC-601560C0B9E6}.Release|Any CPU.Build.0 = Release|Any CPU
		{1B4DCB93-A244-41CC-ACFA-7E69D95FCF95}.Debug|Any CPU.ActiveCfg = Debug|Any CPU
		{1B4DCB93-A244-41CC-ACFA-7E69D95FCF95}.Debug|Any CPU.Build.0 = Debug|Any CPU
		{1B4DCB93-A244-41CC-ACFA-7E69D95FCF95}.Release|Any CPU.ActiveCfg = Release|Any CPU
		{1B4DCB93-A244-41CC-ACFA-7E69D95FCF95}.Release|Any CPU.Build.0 = Release|Any CPU
		{A0AD3B01-C715-4AFB-9DE2-CBF3348A0229}.Debug|Any CPU.ActiveCfg = Debug|Any CPU
		{A0AD3B01-C715-4AFB-9DE2-CBF3348A0229}.Debug|Any CPU.Build.0 = Debug|Any CPU
		{A0AD3B01-C715-4AFB-9DE2-CBF3348A0229}.Release|Any CPU.ActiveCfg = Release|Any CPU
		{A0AD3B01-C715-4AFB-9DE2-CBF3348A0229}.Release|Any CPU.Build.0 = Release|Any CPU
		{7109ED3F-F17C-482C-9F9B-166161349822}.Debug|Any CPU.ActiveCfg = Debug|Any CPU
		{7109ED3F-F17C-482C-9F9B-166161349822}.Debug|Any CPU.Build.0 = Debug|Any CPU
		{7109ED3F-F17C-482C-9F9B-166161349822}.Release|Any CPU.ActiveCfg = Release|Any CPU
		{7109ED3F-F17C-482C-9F9B-166161349822}.Release|Any CPU.Build.0 = Release|Any CPU
		{564C1BB4-ECAF-496A-ADDD-493D02729E04}.Debug|Any CPU.ActiveCfg = Debug|Any CPU
		{564C1BB4-ECAF-496A-ADDD-493D02729E04}.Debug|Any CPU.Build.0 = Debug|Any CPU
		{564C1BB4-ECAF-496A-ADDD-493D02729E04}.Release|Any CPU.ActiveCfg = Release|Any CPU
		{564C1BB4-ECAF-496A-ADDD-493D02729E04}.Release|Any CPU.Build.0 = Release|Any CPU
	EndGlobalSection
	GlobalSection(SolutionProperties) = preSolution
		HideSolutionNode = FALSE
	EndGlobalSection
	GlobalSection(ExtensibilityGlobals) = postSolution
		SolutionGuid = {741CD5A4-071C-40FC-BDD6-7CD343A83372}
	EndGlobalSection
EndGlobal
